# This file is automatically @generated by Poetry 1.4.2 and should not be changed by hand.

[[package]]
name = "logger"
version = "0.1.0"
description = ""
category = "dev"
optional = false
python-versions = "^3.10"
files = []
develop = true

[package.source]
type = "directory"
url = "../logger"

[metadata]
lock-version = "2.0"
python-versions = "^3.10"
content-hash = "0dfd6c6823c19543047159e03874b79a7c388cc01b41f08722f01d683229f02c"
